
Microsoft Visual Studio Solution File, Format Version 12.00
# Visual Studio 14
VisualStudioVersion = 14.0.25420.1
MinimumVisualStudioVersion = 10.0.40219.1
Project("{FAE04EC0-301F-11D3-BF4B-00C04F79EFBC}") = "FamilyXaml", "FamilyXaml\FamilyXaml\FamilyXaml.csproj", "{B13CACD2-8C8B-4155-A664-FFC35897D617}"
EndProject
Project("{FAE04EC0-301F-11D3-BF4B-00C04F79EFBC}") = "FamilyXaml.Droid", "FamilyXaml\FamilyXaml.Droid\FamilyXaml.Droid.csproj", "{C0280DC2-6D58-4029-8213-DCDD998814DD}"
EndProject
Project("{FAE04EC0-301F-11D3-BF4B-00C04F79EFBC}") = "FamilyXaml.iOS", "FamilyXaml\FamilyXaml.iOS\FamilyXaml.iOS.csproj", "{8ABFBBB1-ADF0-40AF-AE5C-8EE319DD3024}"
EndProject
Project("{FAE04EC0-301F-11D3-BF4B-00C04F79EFBC}") = "FamilyXaml.WinPhone", "FamilyXaml\FamilyXaml.WinPhone\FamilyXaml.WinPhone.csproj", "{2C5BB750-EC0C-49F6-8FC8-0A045754FF14}"
EndProject
Project("{FAE04EC0-301F-11D3-BF4B-00C04F79EFBC}") = "FamilyXaml.UWP", "FamilyXaml\FamilyXaml.UWP\FamilyXaml.UWP.csproj", "{9CA7CC47-8A2C-47C6-8B62-1CEA34D7E99B}"
EndProject
Project("{FAE04EC0-301F-11D3-BF4B-00C04F79EFBC}") = "FamilyXaml.Windows", "FamilyXaml\FamilyXaml.Windows\FamilyXaml.Windows.csproj", "{A6017712-C8CF-4F25-B061-3E9E1136978A}"
EndProject
Global
	GlobalSection(SolutionConfigurationPlatforms) = preSolution
		Ad-Hoc|Any CPU = Ad-Hoc|Any CPU
		Ad-Hoc|ARM = Ad-Hoc|ARM
		Ad-Hoc|iPhone = Ad-Hoc|iPhone
		Ad-Hoc|iPhoneSimulator = Ad-Hoc|iPhoneSimulator
		Ad-Hoc|x64 = Ad-Hoc|x64
		Ad-Hoc|x86 = Ad-Hoc|x86
		AppStore|Any CPU = AppStore|Any CPU
		AppStore|ARM = AppStore|ARM
		AppStore|iPhone = AppStore|iPhone
		AppStore|iPhoneSimulator = AppStore|iPhoneSimulator
		AppStore|x64 = AppStore|x64
		AppStore|x86 = AppStore|x86
		Debug|Any CPU = Debug|Any CPU
		Debug|ARM = Debug|ARM
		Debug|iPhone = Debug|iPhone
		Debug|iPhoneSimulator = Debug|iPhoneSimulator
		Debug|x64 = Debug|x64
		Debug|x86 = Debug|x86
		Release|Any CPU = Release|Any CPU
		Release|ARM = Release|ARM
		Release|iPhone = Release|iPhone
		Release|iPhoneSimulator = Release|iPhoneSimulator
		Release|x64 = Release|x64
		Release|x86 = Release|x86
	EndGlobalSection
	GlobalSection(ProjectConfigurationPlatforms) = postSolution
		{B13CACD2-8C8B-4155-A664-FFC35897D617}.Ad-Hoc|Any CPU.ActiveCfg = Release|Any CPU
		{B13CACD2-8C8B-4155-A664-FFC35897D617}.Ad-Hoc|Any CPU.Build.0 = Release|Any CPU
		{B13CACD2-8C8B-4155-A664-FFC35897D617}.Ad-Hoc|ARM.ActiveCfg = Release|Any CPU
		{B13CACD2-8C8B-4155-A664-FFC35897D617}.Ad-Hoc|ARM.Build.0 = Release|Any CPU
		{B13CACD2-8C8B-4155-A664-FFC35897D617}.Ad-Hoc|iPhone.ActiveCfg = Release|Any CPU
		{B13CACD2-8C8B-4155-A664-FFC35897D617}.Ad-Hoc|iPhone.Build.0 = Release|Any CPU
		{B13CACD2-8C8B-4155-A664-FFC35897D617}.Ad-Hoc|iPhoneSimulator.ActiveCfg = Release|Any CPU
		{B13CACD2-8C8B-4155-A664-FFC35897D617}.Ad-Hoc|iPhoneSimulator.Build.0 = Release|Any CPU
		{B13CACD2-8C8B-4155-A664-FFC35897D617}.Ad-Hoc|x64.ActiveCfg = Release|Any CPU
		{B13CACD2-8C8B-4155-A664-FFC35897D617}.Ad-Hoc|x64.Build.0 = Release|Any CPU
		{B13CACD2-8C8B-4155-A664-FFC35897D617}.Ad-Hoc|x86.ActiveCfg = Release|Any CPU
		{B13CACD2-8C8B-4155-A664-FFC35897D617}.Ad-Hoc|x86.Build.0 = Release|Any CPU
		{B13CACD2-8C8B-4155-A664-FFC35897D617}.AppStore|Any CPU.ActiveCfg = Release|Any CPU
		{B13CACD2-8C8B-4155-A664-FFC35897D617}.AppStore|Any CPU.Build.0 = Release|Any CPU
		{B13CACD2-8C8B-4155-A664-FFC35897D617}.AppStore|ARM.ActiveCfg = Release|Any CPU
		{B13CACD2-8C8B-4155-A664-FFC35897D617}.AppStore|ARM.Build.0 = Release|Any CPU
		{B13CACD2-8C8B-4155-A664-FFC35897D617}.AppStore|iPhone.ActiveCfg = Release|Any CPU
		{B13CACD2-8C8B-4155-A664-FFC35897D617}.AppStore|iPhone.Build.0 = Release|Any CPU
		{B13CACD2-8C8B-4155-A664-FFC35897D617}.AppStore|iPhoneSimulator.ActiveCfg = Release|Any CPU
		{B13CACD2-8C8B-4155-A664-FFC35897D617}.AppStore|iPhoneSimulator.Build.0 = Release|Any CPU
		{B13CACD2-8C8B-4155-A664-FFC35897D617}.AppStore|x64.ActiveCfg = Release|Any CPU
		{B13CACD2-8C8B-4155-A664-FFC35897D617}.AppStore|x64.Build.0 = Release|Any CPU
		{B13CACD2-8C8B-4155-A664-FFC35897D617}.AppStore|x86.ActiveCfg = Release|Any CPU
		{B13CACD2-8C8B-4155-A664-FFC35897D617}.AppStore|x86.Build.0 = Release|Any CPU
		{B13CACD2-8C8B-4155-A664-FFC35897D617}.Debug|Any CPU.ActiveCfg = Debug|Any CPU
		{B13CACD2-8C8B-4155-A664-FFC35897D617}.Debug|Any CPU.Build.0 = Debug|Any CPU
		{B13CACD2-8C8B-4155-A664-FFC35897D617}.Debug|Any CPU.Deploy.0 = Debug|Any CPU
		{B13CACD2-8C8B-4155-A664-FFC35897D617}.Debug|ARM.ActiveCfg = Debug|Any CPU
		{B13CACD2-8C8B-4155-A664-FFC35897D617}.Debug|ARM.Build.0 = Debug|Any CPU
		{B13CACD2-8C8B-4155-A664-FFC35897D617}.Debug|iPhone.ActiveCfg = Debug|Any CPU
		{B13CACD2-8C8B-4155-A664-FFC35897D617}.Debug|iPhone.Build.0 = Debug|Any CPU
		{B13CACD2-8C8B-4155-A664-FFC35897D617}.Debug|iPhoneSimulator.ActiveCfg = Debug|Any CPU
		{B13CACD2-8C8B-4155-A664-FFC35897D617}.Debug|iPhoneSimulator.Build.0 = Debug|Any CPU
		{B13CACD2-8C8B-4155-A664-FFC35897D617}.Debug|x64.ActiveCfg = Debug|Any CPU
		{B13CACD2-8C8B-4155-A664-FFC35897D617}.Debug|x64.Build.0 = Debug|Any CPU
		{B13CACD2-8C8B-4155-A664-FFC35897D617}.Debug|x86.ActiveCfg = Debug|Any CPU
		{B13CACD2-8C8B-4155-A664-FFC35897D617}.Debug|x86.Build.0 = Debug|Any CPU
		{B13CACD2-8C8B-4155-A664-FFC35897D617}.Release|Any CPU.ActiveCfg = Release|Any CPU
		{B13CACD2-8C8B-4155-A664-FFC35897D617}.Release|Any CPU.Build.0 = Release|Any CPU
		{B13CACD2-8C8B-4155-A664-FFC35897D617}.Release|ARM.ActiveCfg = Release|Any CPU
		{B13CACD2-8C8B-4155-A664-FFC35897D617}.Release|ARM.Build.0 = Release|Any CPU
		{B13CACD2-8C8B-4155-A664-FFC35897D617}.Release|iPhone.ActiveCfg = Release|Any CPU
		{B13CACD2-8C8B-4155-A664-FFC35897D617}.Release|iPhone.Build.0 = Release|Any CPU
		{B13CACD2-8C8B-4155-A664-FFC35897D617}.Release|iPhoneSimulator.ActiveCfg = Release|Any CPU
		{B13CACD2-8C8B-4155-A664-FFC35897D617}.Release|iPhoneSimulator.Build.0 = Release|Any CPU
		{B13CACD2-8C8B-4155-A664-FFC35897D617}.Release|x64.ActiveCfg = Release|Any CPU
		{B13CACD2-8C8B-4155-A664-FFC35897D617}.Release|x64.Build.0 = Release|Any CPU
		{B13CACD2-8C8B-4155-A664-FFC35897D617}.Release|x86.ActiveCfg = Release|Any CPU
		{B13CACD2-8C8B-4155-A664-FFC35897D617}.Release|x86.Build.0 = Release|Any CPU
		{C0280DC2-6D58-4029-8213-DCDD998814DD}.Ad-Hoc|Any CPU.ActiveCfg = Release|Any CPU
		{C0280DC2-6D58-4029-8213-DCDD998814DD}.Ad-Hoc|Any CPU.Build.0 = Release|Any CPU
		{C0280DC2-6D58-4029-8213-DCDD998814DD}.Ad-Hoc|Any CPU.Deploy.0 = Release|Any CPU
		{C0280DC2-6D58-4029-8213-DCDD998814DD}.Ad-Hoc|ARM.ActiveCfg = Release|Any CPU
		{C0280DC2-6D58-4029-8213-DCDD998814DD}.Ad-Hoc|ARM.Build.0 = Release|Any CPU
		{C0280DC2-6D58-4029-8213-DCDD998814DD}.Ad-Hoc|ARM.Deploy.0 = Release|Any CPU
		{C0280DC2-6D58-4029-8213-DCDD998814DD}.Ad-Hoc|iPhone.ActiveCfg = Release|Any CPU
		{C0280DC2-6D58-4029-8213-DCDD998814DD}.Ad-Hoc|iPhone.Build.0 = Release|Any CPU
		{C0280DC2-6D58-4029-8213-DCDD998814DD}.Ad-Hoc|iPhone.Deploy.0 = Release|Any CPU
		{C0280DC2-6D58-4029-8213-DCDD998814DD}.Ad-Hoc|iPhoneSimulator.ActiveCfg = Release|Any CPU
		{C0280DC2-6D58-4029-8213-DCDD998814DD}.Ad-Hoc|iPhoneSimulator.Build.0 = Release|Any CPU
		{C0280DC2-6D58-4029-8213-DCDD998814DD}.Ad-Hoc|iPhoneSimulator.Deploy.0 = Release|Any CPU
		{C0280DC2-6D58-4029-8213-DCDD998814DD}.Ad-Hoc|x64.ActiveCfg = Release|Any CPU
		{C0280DC2-6D58-4029-8213-DCDD998814DD}.Ad-Hoc|x64.Build.0 = Release|Any CPU
		{C0280DC2-6D58-4029-8213-DCDD998814DD}.Ad-Hoc|x64.Deploy.0 = Release|Any CPU
		{C0280DC2-6D58-4029-8213-DCDD998814DD}.Ad-Hoc|x86.ActiveCfg = Release|Any CPU
		{C0280DC2-6D58-4029-8213-DCDD998814DD}.Ad-Hoc|x86.Build.0 = Release|Any CPU
		{C0280DC2-6D58-4029-8213-DCDD998814DD}.Ad-Hoc|x86.Deploy.0 = Release|Any CPU
		{C0280DC2-6D58-4029-8213-DCDD998814DD}.AppStore|Any CPU.ActiveCfg = Release|Any CPU
		{C0280DC2-6D58-4029-8213-DCDD998814DD}.AppStore|Any CPU.Build.0 = Release|Any CPU
		{C0280DC2-6D58-4029-8213-DCDD998814DD}.AppStore|Any CPU.Deploy.0 = Release|Any CPU
		{C0280DC2-6D58-4029-8213-DCDD998814DD}.AppStore|ARM.ActiveCfg = Release|Any CPU
		{C0280DC2-6D58-4029-8213-DCDD998814DD}.AppStore|ARM.Build.0 = Release|Any CPU
		{C0280DC2-6D58-4029-8213-DCDD998814DD}.AppStore|ARM.Deploy.0 = Release|Any CPU
		{C0280DC2-6D58-4029-8213-DCDD998814DD}.AppStore|iPhone.ActiveCfg = Release|Any CPU
		{C0280DC2-6D58-4029-8213-DCDD998814DD}.AppStore|iPhone.Build.0 = Release|Any CPU
		{C0280DC2-6D58-4029-8213-DCDD998814DD}.AppStore|iPhone.Deploy.0 = Release|Any CPU
		{C0280DC2-6D58-4029-8213-DCDD998814DD}.AppStore|iPhoneSimulator.ActiveCfg = Release|Any CPU
		{C0280DC2-6D58-4029-8213-DCDD998814DD}.AppStore|iPhoneSimulator.Build.0 = Release|Any CPU
		{C0280DC2-6D58-4029-8213-DCDD998814DD}.AppStore|iPhoneSimulator.Deploy.0 = Release|Any CPU
		{C0280DC2-6D58-4029-8213-DCDD998814DD}.AppStore|x64.ActiveCfg = Release|Any CPU
		{C0280DC2-6D58-4029-8213-DCDD998814DD}.AppStore|x64.Build.0 = Release|Any CPU
		{C0280DC2-6D58-4029-8213-DCDD998814DD}.AppStore|x64.Deploy.0 = Release|Any CPU
		{C0280DC2-6D58-4029-8213-DCDD998814DD}.AppStore|x86.ActiveCfg = Release|Any CPU
		{C0280DC2-6D58-4029-8213-DCDD998814DD}.AppStore|x86.Build.0 = Release|Any CPU
		{C0280DC2-6D58-4029-8213-DCDD998814DD}.AppStore|x86.Deploy.0 = Release|Any CPU
		{C0280DC2-6D58-4029-8213-DCDD998814DD}.Debug|Any CPU.ActiveCfg = Debug|Any CPU
		{C0280DC2-6D58-4029-8213-DCDD998814DD}.Debug|Any CPU.Build.0 = Debug|Any CPU
		{C0280DC2-6D58-4029-8213-DCDD998814DD}.Debug|Any CPU.Deploy.0 = Debug|Any CPU
		{C0280DC2-6D58-4029-8213-DCDD998814DD}.Debug|ARM.ActiveCfg = Debug|Any CPU
		{C0280DC2-6D58-4029-8213-DCDD998814DD}.Debug|ARM.Build.0 = Debug|Any CPU
		{C0280DC2-6D58-4029-8213-DCDD998814DD}.Debug|ARM.Deploy.0 = Debug|Any CPU
		{C0280DC2-6D58-4029-8213-DCDD998814DD}.Debug|iPhone.ActiveCfg = Debug|Any CPU
		{C0280DC2-6D58-4029-8213-DCDD998814DD}.Debug|iPhone.Build.0 = Debug|Any CPU
		{C0280DC2-6D58-4029-8213-DCDD998814DD}.Debug|iPhone.Deploy.0 = Debug|Any CPU
		{C0280DC2-6D58-4029-8213-DCDD998814DD}.Debug|iPhoneSimulator.ActiveCfg = Debug|Any CPU
		{C0280DC2-6D58-4029-8213-DCDD998814DD}.Debug|iPhoneSimulator.Build.0 = Debug|Any CPU
		{C0280DC2-6D58-4029-8213-DCDD998814DD}.Debug|iPhoneSimulator.Deploy.0 = Debug|Any CPU
		{C0280DC2-6D58-4029-8213-DCDD998814DD}.Debug|x64.ActiveCfg = Debug|Any CPU
		{C0280DC2-6D58-4029-8213-DCDD998814DD}.Debug|x64.Build.0 = Debug|Any CPU
		{C0280DC2-6D58-4029-8213-DCDD998814DD}.Debug|x64.Deploy.0 = Debug|Any CPU
		{C0280DC2-6D58-4029-8213-DCDD998814DD}.Debug|x86.ActiveCfg = Debug|Any CPU
		{C0280DC2-6D58-4029-8213-DCDD998814DD}.Debug|x86.Build.0 = Debug|Any CPU
		{C0280DC2-6D58-4029-8213-DCDD998814DD}.Debug|x86.Deploy.0 = Debug|Any CPU
		{C0280DC2-6D58-4029-8213-DCDD998814DD}.Release|Any CPU.ActiveCfg = Release|Any CPU
		{C0280DC2-6D58-4029-8213-DCDD998814DD}.Release|Any CPU.Build.0 = Release|Any CPU
		{C0280DC2-6D58-4029-8213-DCDD998814DD}.Release|Any CPU.Deploy.0 = Release|Any CPU
		{C0280DC2-6D58-4029-8213-DCDD998814DD}.Release|ARM.ActiveCfg = Release|Any CPU
		{C0280DC2-6D58-4029-8213-DCDD998814DD}.Release|ARM.Build.0 = Release|Any CPU
		{C0280DC2-6D58-4029-8213-DCDD998814DD}.Release|ARM.Deploy.0 = Release|Any CPU
		{C0280DC2-6D58-4029-8213-DCDD998814DD}.Release|iPhone.ActiveCfg = Release|Any CPU
		{C0280DC2-6D58-4029-8213-DCDD998814DD}.Release|iPhone.Build.0 = Release|Any CPU
		{C0280DC2-6D58-4029-8213-DCDD998814DD}.Release|iPhone.Deploy.0 = Release|Any CPU
		{C0280DC2-6D58-4029-8213-DCDD998814DD}.Release|iPhoneSimulator.ActiveCfg = Release|Any CPU
		{C0280DC2-6D58-4029-8213-DCDD998814DD}.Release|iPhoneSimulator.Build.0 = Release|Any CPU
		{C0280DC2-6D58-4029-8213-DCDD998814DD}.Release|iPhoneSimulator.Deploy.0 = Release|Any CPU
		{C0280DC2-6D58-4029-8213-DCDD998814DD}.Release|x64.ActiveCfg = Release|Any CPU
		{C0280DC2-6D58-4029-8213-DCDD998814DD}.Release|x64.Build.0 = Release|Any CPU
		{C0280DC2-6D58-4029-8213-DCDD998814DD}.Release|x64.Deploy.0 = Release|Any CPU
		{C0280DC2-6D58-4029-8213-DCDD998814DD}.Release|x86.ActiveCfg = Release|Any CPU
		{C0280DC2-6D58-4029-8213-DCDD998814DD}.Release|x86.Build.0 = Release|Any CPU
		{C0280DC2-6D58-4029-8213-DCDD998814DD}.Release|x86.Deploy.0 = Release|Any CPU
		{8ABFBBB1-ADF0-40AF-AE5C-8EE319DD3024}.Ad-Hoc|Any CPU.ActiveCfg = Ad-Hoc|iPhone
		{8ABFBBB1-ADF0-40AF-AE5C-8EE319DD3024}.Ad-Hoc|ARM.ActiveCfg = Ad-Hoc|iPhone
		{8ABFBBB1-ADF0-40AF-AE5C-8EE319DD3024}.Ad-Hoc|iPhone.ActiveCfg = Ad-Hoc|iPhone
		{8ABFBBB1-ADF0-40AF-AE5C-8EE319DD3024}.Ad-Hoc|iPhone.Build.0 = Ad-Hoc|iPhone
		{8ABFBBB1-ADF0-40AF-AE5C-8EE319DD3024}.Ad-Hoc|iPhoneSimulator.ActiveCfg = Ad-Hoc|iPhoneSimulator
		{8ABFBBB1-ADF0-40AF-AE5C-8EE319DD3024}.Ad-Hoc|iPhoneSimulator.Build.0 = Ad-Hoc|iPhoneSimulator
		{8ABFBBB1-ADF0-40AF-AE5C-8EE319DD3024}.Ad-Hoc|x64.ActiveCfg = Ad-Hoc|iPhone
		{8ABFBBB1-ADF0-40AF-AE5C-8EE319DD3024}.Ad-Hoc|x86.ActiveCfg = Ad-Hoc|iPhone
		{8ABFBBB1-ADF0-40AF-AE5C-8EE319DD3024}.AppStore|Any CPU.ActiveCfg = AppStore|iPhone
		{8ABFBBB1-ADF0-40AF-AE5C-8EE319DD3024}.AppStore|ARM.ActiveCfg = AppStore|iPhone
		{8ABFBBB1-ADF0-40AF-AE5C-8EE319DD3024}.AppStore|iPhone.ActiveCfg = AppStore|iPhone
		{8ABFBBB1-ADF0-40AF-AE5C-8EE319DD3024}.AppStore|iPhone.Build.0 = AppStore|iPhone
		{8ABFBBB1-ADF0-40AF-AE5C-8EE319DD3024}.AppStore|iPhoneSimulator.ActiveCfg = AppStore|iPhoneSimulator
		{8ABFBBB1-ADF0-40AF-AE5C-8EE319DD3024}.AppStore|iPhoneSimulator.Build.0 = AppStore|iPhoneSimulator
		{8ABFBBB1-ADF0-40AF-AE5C-8EE319DD3024}.AppStore|x64.ActiveCfg = AppStore|iPhone
		{8ABFBBB1-ADF0-40AF-AE5C-8EE319DD3024}.AppStore|x86.ActiveCfg = AppStore|iPhone
		{8ABFBBB1-ADF0-40AF-AE5C-8EE319DD3024}.Debug|Any CPU.ActiveCfg = Debug|iPhone
		{8ABFBBB1-ADF0-40AF-AE5C-8EE319DD3024}.Debug|ARM.ActiveCfg = Debug|iPhone
		{8ABFBBB1-ADF0-40AF-AE5C-8EE319DD3024}.Debug|iPhone.ActiveCfg = Debug|iPhone
		{8ABFBBB1-ADF0-40AF-AE5C-8EE319DD3024}.Debug|iPhone.Build.0 = Debug|iPhone
		{8ABFBBB1-ADF0-40AF-AE5C-8EE319DD3024}.Debug|iPhoneSimulator.ActiveCfg = Debug|iPhoneSimulator
		{8ABFBBB1-ADF0-40AF-AE5C-8EE319DD3024}.Debug|iPhoneSimulator.Build.0 = Debug|iPhoneSimulator
		{8ABFBBB1-ADF0-40AF-AE5C-8EE319DD3024}.Debug|x64.ActiveCfg = Debug|iPhone
		{8ABFBBB1-ADF0-40AF-AE5C-8EE319DD3024}.Debug|x86.ActiveCfg = Debug|iPhone
		{8ABFBBB1-ADF0-40AF-AE5C-8EE319DD3024}.Release|Any CPU.ActiveCfg = Release|iPhone
		{8ABFBBB1-ADF0-40AF-AE5C-8EE319DD3024}.Release|ARM.ActiveCfg = Release|iPhone
		{8ABFBBB1-ADF0-40AF-AE5C-8EE319DD3024}.Release|iPhone.ActiveCfg = Release|iPhone
		{8ABFBBB1-ADF0-40AF-AE5C-8EE319DD3024}.Release|iPhone.Build.0 = Release|iPhone
		{8ABFBBB1-ADF0-40AF-AE5C-8EE319DD3024}.Release|iPhoneSimulator.ActiveCfg = Release|iPhoneSimulator
		{8ABFBBB1-ADF0-40AF-AE5C-8EE319DD3024}.Release|iPhoneSimulator.Build.0 = Release|iPhoneSimulator
		{8ABFBBB1-ADF0-40AF-AE5C-8EE319DD3024}.Release|x64.ActiveCfg = Release|iPhone
		{8ABFBBB1-ADF0-40AF-AE5C-8EE319DD3024}.Release|x86.ActiveCfg = Release|iPhone
		{2C5BB750-EC0C-49F6-8FC8-0A045754FF14}.Ad-Hoc|Any CPU.ActiveCfg = Release|Any CPU
		{2C5BB750-EC0C-49F6-8FC8-0A045754FF14}.Ad-Hoc|Any CPU.Build.0 = Release|Any CPU
		{2C5BB750-EC0C-49F6-8FC8-0A045754FF14}.Ad-Hoc|Any CPU.Deploy.0 = Release|Any CPU
		{2C5BB750-EC0C-49F6-8FC8-0A045754FF14}.Ad-Hoc|ARM.ActiveCfg = Release|ARM
		{2C5BB750-EC0C-49F6-8FC8-0A045754FF14}.Ad-Hoc|ARM.Build.0 = Release|ARM
		{2C5BB750-EC0C-49F6-8FC8-0A045754FF14}.Ad-Hoc|ARM.Deploy.0 = Release|ARM
		{2C5BB750-EC0C-49F6-8FC8-0A045754FF14}.Ad-Hoc|iPhone.ActiveCfg = Release|Any CPU
		{2C5BB750-EC0C-49F6-8FC8-0A045754FF14}.Ad-Hoc|iPhone.Build.0 = Release|Any CPU
		{2C5BB750-EC0C-49F6-8FC8-0A045754FF14}.Ad-Hoc|iPhone.Deploy.0 = Release|Any CPU
		{2C5BB750-EC0C-49F6-8FC8-0A045754FF14}.Ad-Hoc|iPhoneSimulator.ActiveCfg = Release|Any CPU
		{2C5BB750-EC0C-49F6-8FC8-0A045754FF14}.Ad-Hoc|iPhoneSimulator.Build.0 = Release|Any CPU
		{2C5BB750-EC0C-49F6-8FC8-0A045754FF14}.Ad-Hoc|iPhoneSimulator.Deploy.0 = Release|Any CPU
		{2C5BB750-EC0C-49F6-8FC8-0A045754FF14}.Ad-Hoc|x64.ActiveCfg = Release|Any CPU
		{2C5BB750-EC0C-49F6-8FC8-0A045754FF14}.Ad-Hoc|x64.Build.0 = Release|Any CPU
		{2C5BB750-EC0C-49F6-8FC8-0A045754FF14}.Ad-Hoc|x64.Deploy.0 = Release|Any CPU
		{2C5BB750-EC0C-49F6-8FC8-0A045754FF14}.Ad-Hoc|x86.ActiveCfg = Release|x86
		{2C5BB750-EC0C-49F6-8FC8-0A045754FF14}.Ad-Hoc|x86.Build.0 = Release|x86
		{2C5BB750-EC0C-49F6-8FC8-0A045754FF14}.Ad-Hoc|x86.Deploy.0 = Release|x86
		{2C5BB750-EC0C-49F6-8FC8-0A045754FF14}.AppStore|Any CPU.ActiveCfg = Release|Any CPU
		{2C5BB750-EC0C-49F6-8FC8-0A045754FF14}.AppStore|Any CPU.Build.0 = Release|Any CPU
		{2C5BB750-EC0C-49F6-8FC8-0A045754FF14}.AppStore|Any CPU.Deploy.0 = Release|Any CPU
		{2C5BB750-EC0C-49F6-8FC8-0A045754FF14}.AppStore|ARM.ActiveCfg = Release|ARM
		{2C5BB750-EC0C-49F6-8FC8-0A045754FF14}.AppStore|ARM.Build.0 = Release|ARM
		{2C5BB750-EC0C-49F6-8FC8-0A045754FF14}.AppStore|ARM.Deploy.0 = Release|ARM
		{2C5BB750-EC0C-49F6-8FC8-0A045754FF14}.AppStore|iPhone.ActiveCfg = Release|Any CPU
		{2C5BB750-EC0C-49F6-8FC8-0A045754FF14}.AppStore|iPhone.Build.0 = Release|Any CPU
		{2C5BB750-EC0C-49F6-8FC8-0A045754FF14}.AppStore|iPhone.Deploy.0 = Release|Any CPU
		{2C5BB750-EC0C-49F6-8FC8-0A045754FF14}.AppStore|iPhoneSimulator.ActiveCfg = Release|Any CPU
		{2C5BB750-EC0C-49F6-8FC8-0A045754FF14}.AppStore|iPhoneSimulator.Build.0 = Release|Any CPU
		{2C5BB750-EC0C-49F6-8FC8-0A045754FF14}.AppStore|iPhoneSimulator.Deploy.0 = Release|Any CPU
		{2C5BB750-EC0C-49F6-8FC8-0A045754FF14}.AppStore|x64.ActiveCfg = Release|Any CPU
		{2C5BB750-EC0C-49F6-8FC8-0A045754FF14}.AppStore|x64.Build.0 = Release|Any CPU
		{2C5BB750-EC0C-49F6-8FC8-0A045754FF14}.AppStore|x64.Deploy.0 = Release|Any CPU
		{2C5BB750-EC0C-49F6-8FC8-0A045754FF14}.AppStore|x86.ActiveCfg = Release|x86
		{2C5BB750-EC0C-49F6-8FC8-0A045754FF14}.AppStore|x86.Build.0 = Release|x86
		{2C5BB750-EC0C-49F6-8FC8-0A045754FF14}.AppStore|x86.Deploy.0 = Release|x86
		{2C5BB750-EC0C-49F6-8FC8-0A045754FF14}.Debug|Any CPU.ActiveCfg = Debug|Any CPU
		{2C5BB750-EC0C-49F6-8FC8-0A045754FF14}.Debug|Any CPU.Build.0 = Debug|Any CPU
		{2C5BB750-EC0C-49F6-8FC8-0A045754FF14}.Debug|Any CPU.Deploy.0 = Debug|Any CPU
		{2C5BB750-EC0C-49F6-8FC8-0A045754FF14}.Debug|ARM.ActiveCfg = Debug|ARM
		{2C5BB750-EC0C-49F6-8FC8-0A045754FF14}.Debug|ARM.Build.0 = Debug|ARM
		{2C5BB750-EC0C-49F6-8FC8-0A045754FF14}.Debug|ARM.Deploy.0 = Debug|ARM
		{2C5BB750-EC0C-49F6-8FC8-0A045754FF14}.Debug|iPhone.ActiveCfg = Debug|Any CPU
		{2C5BB750-EC0C-49F6-8FC8-0A045754FF14}.Debug|iPhone.Build.0 = Debug|Any CPU
		{2C5BB750-EC0C-49F6-8FC8-0A045754FF14}.Debug|iPhone.Deploy.0 = Debug|Any CPU
		{2C5BB750-EC0C-49F6-8FC8-0A045754FF14}.Debug|iPhoneSimulator.ActiveCfg = Debug|Any CPU
		{2C5BB750-EC0C-49F6-8FC8-0A045754FF14}.Debug|iPhoneSimulator.Build.0 = Debug|Any CPU
		{2C5BB750-EC0C-49F6-8FC8-0A045754FF14}.Debug|iPhoneSimulator.Deploy.0 = Debug|Any CPU
		{2C5BB750-EC0C-49F6-8FC8-0A045754FF14}.Debug|x64.ActiveCfg = Debug|Any CPU
		{2C5BB750-EC0C-49F6-8FC8-0A045754FF14}.Debug|x64.Build.0 = Debug|Any CPU
		{2C5BB750-EC0C-49F6-8FC8-0A045754FF14}.Debug|x64.Deploy.0 = Debug|Any CPU
		{2C5BB750-EC0C-49F6-8FC8-0A045754FF14}.Debug|x86.ActiveCfg = Debug|x86
		{2C5BB750-EC0C-49F6-8FC8-0A045754FF14}.Debug|x86.Build.0 = Debug|x86
		{2C5BB750-EC0C-49F6-8FC8-0A045754FF14}.Debug|x86.Deploy.0 = Debug|x86
		{2C5BB750-EC0C-49F6-8FC8-0A045754FF14}.Release|Any CPU.ActiveCfg = Release|Any CPU
		{2C5BB750-EC0C-49F6-8FC8-0A045754FF14}.Release|Any CPU.Build.0 = Release|Any CPU
		{2C5BB750-EC0C-49F6-8FC8-0A045754FF14}.Release|Any CPU.Deploy.0 = Release|Any CPU
		{2C5BB750-EC0C-49F6-8FC8-0A045754FF14}.Release|ARM.ActiveCfg = Release|ARM
		{2C5BB750-EC0C-49F6-8FC8-0A045754FF14}.Release|ARM.Build.0 = Release|ARM
		{2C5BB750-EC0C-49F6-8FC8-0A045754FF14}.Release|ARM.Deploy.0 = Release|ARM
		{2C5BB750-EC0C-49F6-8FC8-0A045754FF14}.Release|iPhone.ActiveCfg = Release|Any CPU
		{2C5BB750-EC0C-49F6-8FC8-0A045754FF14}.Release|iPhone.Build.0 = Release|Any CPU
		{2C5BB750-EC0C-49F6-8FC8-0A045754FF14}.Release|iPhone.Deploy.0 = Release|Any CPU
		{2C5BB750-EC0C-49F6-8FC8-0A045754FF14}.Release|iPhoneSimulator.ActiveCfg = Release|Any CPU
		{2C5BB750-EC0C-49F6-8FC8-0A045754FF14}.Release|iPhoneSimulator.Build.0 = Release|Any CPU
		{2C5BB750-EC0C-49F6-8FC8-0A045754FF14}.Release|iPhoneSimulator.Deploy.0 = Release|Any CPU
		{2C5BB750-EC0C-49F6-8FC8-0A045754FF14}.Release|x64.ActiveCfg = Release|Any CPU
		{2C5BB750-EC0C-49F6-8FC8-0A045754FF14}.Release|x64.Build.0 = Release|Any CPU
		{2C5BB750-EC0C-49F6-8FC8-0A045754FF14}.Release|x64.Deploy.0 = Release|Any CPU
		{2C5BB750-EC0C-49F6-8FC8-0A045754FF14}.Release|x86.ActiveCfg = Release|x86
		{2C5BB750-EC0C-49F6-8FC8-0A045754FF14}.Release|x86.Build.0 = Release|x86
		{2C5BB750-EC0C-49F6-8FC8-0A045754FF14}.Release|x86.Deploy.0 = Release|x86
		{9CA7CC47-8A2C-47C6-8B62-1CEA34D7E99B}.Ad-Hoc|Any CPU.ActiveCfg = Release|x86
		{9CA7CC47-8A2C-47C6-8B62-1CEA34D7E99B}.Ad-Hoc|Any CPU.Build.0 = Release|x86
		{9CA7CC47-8A2C-47C6-8B62-1CEA34D7E99B}.Ad-Hoc|Any CPU.Deploy.0 = Release|x86
		{9CA7CC47-8A2C-47C6-8B62-1CEA34D7E99B}.Ad-Hoc|ARM.ActiveCfg = Release|ARM
		{9CA7CC47-8A2C-47C6-8B62-1CEA34D7E99B}.Ad-Hoc|ARM.Build.0 = Release|ARM
		{9CA7CC47-8A2C-47C6-8B62-1CEA34D7E99B}.Ad-Hoc|ARM.Deploy.0 = Release|ARM
		{9CA7CC47-8A2C-47C6-8B62-1CEA34D7E99B}.Ad-Hoc|iPhone.ActiveCfg = Release|x86
		{9CA7CC47-8A2C-47C6-8B62-1CEA34D7E99B}.Ad-Hoc|iPhone.Build.0 = Release|x86
		{9CA7CC47-8A2C-47C6-8B62-1CEA34D7E99B}.Ad-Hoc|iPhone.Deploy.0 = Release|x86
		{9CA7CC47-8A2C-47C6-8B62-1CEA34D7E99B}.Ad-Hoc|iPhoneSimulator.ActiveCfg = Release|x86
		{9CA7CC47-8A2C-47C6-8B62-1CEA34D7E99B}.Ad-Hoc|iPhoneSimulator.Build.0 = Release|x86
		{9CA7CC47-8A2C-47C6-8B62-1CEA34D7E99B}.Ad-Hoc|iPhoneSimulator.Deploy.0 = Release|x86
		{9CA7CC47-8A2C-47C6-8B62-1CEA34D7E99B}.Ad-Hoc|x64.ActiveCfg = Release|x64
		{9CA7CC47-8A2C-47C6-8B62-1CEA34D7E99B}.Ad-Hoc|x64.Build.0 = Release|x64
		{9CA7CC47-8A2C-47C6-8B62-1CEA34D7E99B}.Ad-Hoc|x64.Deploy.0 = Release|x64
		{9CA7CC47-8A2C-47C6-8B62-1CEA34D7E99B}.Ad-Hoc|x86.ActiveCfg = Release|x86
		{9CA7CC47-8A2C-47C6-8B62-1CEA34D7E99B}.Ad-Hoc|x86.Build.0 = Release|x86
		{9CA7CC47-8A2C-47C6-8B62-1CEA34D7E99B}.Ad-Hoc|x86.Deploy.0 = Release|x86
		{9CA7CC47-8A2C-47C6-8B62-1CEA34D7E99B}.AppStore|Any CPU.ActiveCfg = Release|x86
		{9CA7CC47-8A2C-47C6-8B62-1CEA34D7E99B}.AppStore|Any CPU.Build.0 = Release|x86
		{9CA7CC47-8A2C-47C6-8B62-1CEA34D7E99B}.AppStore|Any CPU.Deploy.0 = Release|x86
		{9CA7CC47-8A2C-47C6-8B62-1CEA34D7E99B}.AppStore|ARM.ActiveCfg = Release|ARM
		{9CA7CC47-8A2C-47C6-8B62-1CEA34D7E99B}.AppStore|ARM.Build.0 = Release|ARM
		{9CA7CC47-8A2C-47C6-8B62-1CEA34D7E99B}.AppStore|ARM.Deploy.0 = Release|ARM
		{9CA7CC47-8A2C-47C6-8B62-1CEA34D7E99B}.AppStore|iPhone.ActiveCfg = Release|x86
		{9CA7CC47-8A2C-47C6-8B62-1CEA34D7E99B}.AppStore|iPhone.Build.0 = Release|x86
		{9CA7CC47-8A2C-47C6-8B62-1CEA34D7E99B}.AppStore|iPhone.Deploy.0 = Release|x86
		{9CA7CC47-8A2C-47C6-8B62-1CEA34D7E99B}.AppStore|iPhoneSimulator.ActiveCfg = Release|x86
		{9CA7CC47-8A2C-47C6-8B62-1CEA34D7E99B}.AppStore|iPhoneSimulator.Build.0 = Release|x86
		{9CA7CC47-8A2C-47C6-8B62-1CEA34D7E99B}.AppStore|iPhoneSimulator.Deploy.0 = Release|x86
		{9CA7CC47-8A2C-47C6-8B62-1CEA34D7E99B}.AppStore|x64.ActiveCfg = Release|x64
		{9CA7CC47-8A2C-47C6-8B62-1CEA34D7E99B}.AppStore|x64.Build.0 = Release|x64
		{9CA7CC47-8A2C-47C6-8B62-1CEA34D7E99B}.AppStore|x64.Deploy.0 = Release|x64
		{9CA7CC47-8A2C-47C6-8B62-1CEA34D7E99B}.AppStore|x86.ActiveCfg = Release|x86
		{9CA7CC47-8A2C-47C6-8B62-1CEA34D7E99B}.AppStore|x86.Build.0 = Release|x86
		{9CA7CC47-8A2C-47C6-8B62-1CEA34D7E99B}.AppStore|x86.Deploy.0 = Release|x86
		{9CA7CC47-8A2C-47C6-8B62-1CEA34D7E99B}.Debug|Any CPU.ActiveCfg = Debug|x86
		{9CA7CC47-8A2C-47C6-8B62-1CEA34D7E99B}.Debug|ARM.ActiveCfg = Debug|ARM
		{9CA7CC47-8A2C-47C6-8B62-1CEA34D7E99B}.Debug|ARM.Build.0 = Debug|ARM
		{9CA7CC47-8A2C-47C6-8B62-1CEA34D7E99B}.Debug|ARM.Deploy.0 = Debug|ARM
		{9CA7CC47-8A2C-47C6-8B62-1CEA34D7E99B}.Debug|iPhone.ActiveCfg = Debug|x86
		{9CA7CC47-8A2C-47C6-8B62-1CEA34D7E99B}.Debug|iPhoneSimulator.ActiveCfg = Debug|x86
		{9CA7CC47-8A2C-47C6-8B62-1CEA34D7E99B}.Debug|x64.ActiveCfg = Debug|x64
		{9CA7CC47-8A2C-47C6-8B62-1CEA34D7E99B}.Debug|x64.Build.0 = Debug|x64
		{9CA7CC47-8A2C-47C6-8B62-1CEA34D7E99B}.Debug|x64.Deploy.0 = Debug|x64
		{9CA7CC47-8A2C-47C6-8B62-1CEA34D7E99B}.Debug|x86.ActiveCfg = Debug|x86
		{9CA7CC47-8A2C-47C6-8B62-1CEA34D7E99B}.Debug|x86.Build.0 = Debug|x86
		{9CA7CC47-8A2C-47C6-8B62-1CEA34D7E99B}.Debug|x86.Deploy.0 = Debug|x86
		{9CA7CC47-8A2C-47C6-8B62-1CEA34D7E99B}.Release|Any CPU.ActiveCfg = Release|x86
		{9CA7CC47-8A2C-47C6-8B62-1CEA34D7E99B}.Release|ARM.ActiveCfg = Release|ARM
		{9CA7CC47-8A2C-47C6-8B62-1CEA34D7E99B}.Release|ARM.Build.0 = Release|ARM
		{9CA7CC47-8A2C-47C6-8B62-1CEA34D7E99B}.Release|ARM.Deploy.0 = Release|ARM
		{9CA7CC47-8A2C-47C6-8B62-1CEA34D7E99B}.Release|iPhone.ActiveCfg = Release|x86
		{9CA7CC47-8A2C-47C6-8B62-1CEA34D7E99B}.Release|iPhoneSimulator.ActiveCfg = Release|x86
		{9CA7CC47-8A2C-47C6-8B62-1CEA34D7E99B}.Release|x64.ActiveCfg = Release|x64
		{9CA7CC47-8A2C-47C6-8B62-1CEA34D7E99B}.Release|x64.Build.0 = Release|x64
		{9CA7CC47-8A2C-47C6-8B62-1CEA34D7E99B}.Release|x64.Deploy.0 = Release|x64
		{9CA7CC47-8A2C-47C6-8B62-1CEA34D7E99B}.Release|x86.ActiveCfg = Release|x86
		{9CA7CC47-8A2C-47C6-8B62-1CEA34D7E99B}.Release|x86.Build.0 = Release|x86
		{9CA7CC47-8A2C-47C6-8B62-1CEA34D7E99B}.Release|x86.Deploy.0 = Release|x86
		{A6017712-C8CF-4F25-B061-3E9E1136978A}.Ad-Hoc|Any CPU.ActiveCfg = Release|Any CPU
		{A6017712-C8CF-4F25-B061-3E9E1136978A}.Ad-Hoc|Any CPU.Build.0 = Release|Any CPU
		{A6017712-C8CF-4F25-B061-3E9E1136978A}.Ad-Hoc|Any CPU.Deploy.0 = Release|Any CPU
		{A6017712-C8CF-4F25-B061-3E9E1136978A}.Ad-Hoc|ARM.ActiveCfg = Release|ARM
		{A6017712-C8CF-4F25-B061-3E9E1136978A}.Ad-Hoc|ARM.Build.0 = Release|ARM
		{A6017712-C8CF-4F25-B061-3E9E1136978A}.Ad-Hoc|ARM.Deploy.0 = Release|ARM
		{A6017712-C8CF-4F25-B061-3E9E1136978A}.Ad-Hoc|iPhone.ActiveCfg = Release|Any CPU
		{A6017712-C8CF-4F25-B061-3E9E1136978A}.Ad-Hoc|iPhone.Build.0 = Release|Any CPU
		{A6017712-C8CF-4F25-B061-3E9E1136978A}.Ad-Hoc|iPhone.Deploy.0 = Release|Any CPU
		{A6017712-C8CF-4F25-B061-3E9E1136978A}.Ad-Hoc|iPhoneSimulator.ActiveCfg = Release|Any CPU
		{A6017712-C8CF-4F25-B061-3E9E1136978A}.Ad-Hoc|iPhoneSimulator.Build.0 = Release|Any CPU
		{A6017712-C8CF-4F25-B061-3E9E1136978A}.Ad-Hoc|iPhoneSimulator.Deploy.0 = Release|Any CPU
		{A6017712-C8CF-4F25-B061-3E9E1136978A}.Ad-Hoc|x64.ActiveCfg = Release|x64
		{A6017712-C8CF-4F25-B061-3E9E1136978A}.Ad-Hoc|x64.Build.0 = Release|x64
		{A6017712-C8CF-4F25-B061-3E9E1136978A}.Ad-Hoc|x64.Deploy.0 = Release|x64
		{A6017712-C8CF-4F25-B061-3E9E1136978A}.Ad-Hoc|x86.ActiveCfg = Release|x86
		{A6017712-C8CF-4F25-B061-3E9E1136978A}.Ad-Hoc|x86.Build.0 = Release|x86
		{A6017712-C8CF-4F25-B061-3E9E1136978A}.Ad-Hoc|x86.Deploy.0 = Release|x86
		{A6017712-C8CF-4F25-B061-3E9E1136978A}.AppStore|Any CPU.ActiveCfg = Release|Any CPU
		{A6017712-C8CF-4F25-B061-3E9E1136978A}.AppStore|Any CPU.Build.0 = Release|Any CPU
		{A6017712-C8CF-4F25-B061-3E9E1136978A}.AppStore|Any CPU.Deploy.0 = Release|Any CPU
		{A6017712-C8CF-4F25-B061-3E9E1136978A}.AppStore|ARM.ActiveCfg = Release|ARM
		{A6017712-C8CF-4F25-B061-3E9E1136978A}.AppStore|ARM.Build.0 = Release|ARM
		{A6017712-C8CF-4F25-B061-3E9E1136978A}.AppStore|ARM.Deploy.0 = Release|ARM
		{A6017712-C8CF-4F25-B061-3E9E1136978A}.AppStore|iPhone.ActiveCfg = Release|Any CPU
		{A6017712-C8CF-4F25-B061-3E9E1136978A}.AppStore|iPhone.Build.0 = Release|Any CPU
		{A6017712-C8CF-4F25-B061-3E9E1136978A}.AppStore|iPhone.Deploy.0 = Release|Any CPU
		{A6017712-C8CF-4F25-B061-3E9E1136978A}.AppStore|iPhoneSimulator.ActiveCfg = Release|Any CPU
		{A6017712-C8CF-4F25-B061-3E9E1136978A}.AppStore|iPhoneSimulator.Build.0 = Release|Any CPU
		{A6017712-C8CF-4F25-B061-3E9E1136978A}.AppStore|iPhoneSimulator.Deploy.0 = Release|Any CPU
		{A6017712-C8CF-4F25-B061-3E9E1136978A}.AppStore|x64.ActiveCfg = Release|x64
		{A6017712-C8CF-4F25-B061-3E9E1136978A}.AppStore|x64.Build.0 = Release|x64
		{A6017712-C8CF-4F25-B061-3E9E1136978A}.AppStore|x64.Deploy.0 = Release|x64
		{A6017712-C8CF-4F25-B061-3E9E1136978A}.AppStore|x86.ActiveCfg = Release|x86
		{A6017712-C8CF-4F25-B061-3E9E1136978A}.AppStore|x86.Build.0 = Release|x86
		{A6017712-C8CF-4F25-B061-3E9E1136978A}.AppStore|x86.Deploy.0 = Release|x86
		{A6017712-C8CF-4F25-B061-3E9E1136978A}.Debug|Any CPU.ActiveCfg = Debug|Any CPU
		{A6017712-C8CF-4F25-B061-3E9E1136978A}.Debug|Any CPU.Build.0 = Debug|Any CPU
		{A6017712-C8CF-4F25-B061-3E9E1136978A}.Debug|Any CPU.Deploy.0 = Debug|Any CPU
		{A6017712-C8CF-4F25-B061-3E9E1136978A}.Debug|ARM.ActiveCfg = Debug|ARM
		{A6017712-C8CF-4F25-B061-3E9E1136978A}.Debug|ARM.Build.0 = Debug|ARM
		{A6017712-C8CF-4F25-B061-3E9E1136978A}.Debug|ARM.Deploy.0 = Debug|ARM
		{A6017712-C8CF-4F25-B061-3E9E1136978A}.Debug|iPhone.ActiveCfg = Debug|Any CPU
		{A6017712-C8CF-4F25-B061-3E9E1136978A}.Debug|iPhone.Build.0 = Debug|Any CPU
		{A6017712-C8CF-4F25-B061-3E9E1136978A}.Debug|iPhone.Deploy.0 = Debug|Any CPU
		{A6017712-C8CF-4F25-B061-3E9E1136978A}.Debug|iPhoneSimulator.ActiveCfg = Debug|Any CPU
		{A6017712-C8CF-4F25-B061-3E9E1136978A}.Debug|iPhoneSimulator.Build.0 = Debug|Any CPU
		{A6017712-C8CF-4F25-B061-3E9E1136978A}.Debug|iPhoneSimulator.Deploy.0 = Debug|Any CPU
		{A6017712-C8CF-4F25-B061-3E9E1136978A}.Debug|x64.ActiveCfg = Debug|x64
		{A6017712-C8CF-4F25-B061-3E9E1136978A}.Debug|x64.Build.0 = Debug|x64
		{A6017712-C8CF-4F25-B061-3E9E1136978A}.Debug|x64.Deploy.0 = Debug|x64
		{A6017712-C8CF-4F25-B061-3E9E1136978A}.Debug|x86.ActiveCfg = Debug|x86
		{A6017712-C8CF-4F25-B061-3E9E1136978A}.Debug|x86.Build.0 = Debug|x86
		{A6017712-C8CF-4F25-B061-3E9E1136978A}.Debug|x86.Deploy.0 = Debug|x86
		{A6017712-C8CF-4F25-B061-3E9E1136978A}.Release|Any CPU.ActiveCfg = Release|Any CPU
		{A6017712-C8CF-4F25-B061-3E9E1136978A}.Release|Any CPU.Build.0 = Release|Any CPU
		{A6017712-C8CF-4F25-B061-3E9E1136978A}.Release|Any CPU.Deploy.0 = Release|Any CPU
		{A6017712-C8CF-4F25-B061-3E9E1136978A}.Release|ARM.ActiveCfg = Release|ARM
		{A6017712-C8CF-4F25-B061-3E9E1136978A}.Release|ARM.Build.0 = Release|ARM
		{A6017712-C8CF-4F25-B061-3E9E1136978A}.Release|ARM.Deploy.0 = Release|ARM
		{A6017712-C8CF-4F25-B061-3E9E1136978A}.Release|iPhone.ActiveCfg = Release|Any CPU
		{A6017712-C8CF-4F25-B061-3E9E1136978A}.Release|iPhone.Build.0 = Release|Any CPU
		{A6017712-C8CF-4F25-B061-3E9E1136978A}.Release|iPhone.Deploy.0 = Release|Any CPU
		{A6017712-C8CF-4F25-B061-3E9E1136978A}.Release|iPhoneSimulator.ActiveCfg = Release|Any CPU
		{A6017712-C8CF-4F25-B061-3E9E1136978A}.Release|iPhoneSimulator.Build.0 = Release|Any CPU
		{A6017712-C8CF-4F25-B061-3E9E1136978A}.Release|iPhoneSimulator.Deploy.0 = Release|Any CPU
		{A6017712-C8CF-4F25-B061-3E9E1136978A}.Release|x64.ActiveCfg = Release|x64
		{A6017712-C8CF-4F25-B061-3E9E1136978A}.Release|x64.Build.0 = Release|x64
		{A6017712-C8CF-4F25-B061-3E9E1136978A}.Release|x64.Deploy.0 = Release|x64
		{A6017712-C8CF-4F25-B061-3E9E1136978A}.Release|x86.ActiveCfg = Release|x86
		{A6017712-C8CF-4F25-B061-3E9E1136978A}.Release|x86.Build.0 = Release|x86
		{A6017712-C8CF-4F25-B061-3E9E1136978A}.Release|x86.Deploy.0 = Release|x86
	EndGlobalSection
	GlobalSection(SolutionProperties) = preSolution
		HideSolutionNode = FALSE
	EndGlobalSection
EndGlobal
